// !$*UTF8*$!
{
	archiveVersion = 1;
	classes = {
	};
	objectVersion = 77;
	objects = {

/* Begin PBXContainerItemProxy section */
		71537A2F2DF84DFB00060203 /* PBXContainerItemProxy */ = {
			isa = PBXContainerItemProxy;
			containerPortal = 71537A102DF84DF400060203 /* Project object */;
			proxyType = 1;
			remoteGlobalIDString = 71537A172DF84DF400060203;
			remoteInfo = "Taiwan Indigenous Languages IME";
		};
		71537A392DF84DFB00060203 /* PBXContainerItemProxy */ = {
			isa = PBXContainerItemProxy;
			containerPortal = 71537A102DF84DF400060203 /* Project object */;
			proxyType = 1;
			remoteGlobalIDString = 71537A172DF84DF400060203;
			remoteInfo = "Taiwan Indigenous Languages IME";
		};
/* End PBXContainerItemProxy section */

/* Begin PBXFileReference section */
		71537A182DF84DF400060203 /* Taiwan Indigenous Languages IME.app */ = {isa = PBXFileReference; explicitFileType = wrapper.application; includeInIndex = 0; path = "Taiwan Indigenous Languages IME.app"; sourceTree = BUILT_PRODUCTS_DIR; };
		71537A2E2DF84DFB00060203 /* Taiwan Indigenous Languages IMETests.xctest */ = {isa = PBXFileReference; explicitFileType = wrapper.cfbundle; includeInIndex = 0; path = "Taiwan Indigenous Languages IMETests.xctest"; sourceTree = BUILT_PRODUCTS_DIR; };
		71537A382DF84DFB00060203 /* Taiwan Indigenous Languages IMEUITests.xctest */ = {isa = PBXFileReference; explicitFileType = wrapper.cfbundle; includeInIndex = 0; path = "Taiwan Indigenous Languages IMEUITests.xctest"; sourceTree = BUILT_PRODUCTS_DIR; };
/* End PBXFileReference section */

/* Begin PBXFileSystemSynchronizedBuildFileExceptionSet section */
		71537A402DF84DFB00060203 /* Exceptions for "Taiwan Indigenous Languages IME" folder in "Taiwan Indigenous Languages IME" target */ = {
			isa = PBXFileSystemSynchronizedBuildFileExceptionSet;
			membershipExceptions = (
				Info.plist,
			);
			target = 71537A172DF84DF400060203 /* Taiwan Indigenous Languages IME */;
		};
/* End PBXFileSystemSynchronizedBuildFileExceptionSet section */

/* Begin PBXFileSystemSynchronizedRootGroup section */
		71537A1A2DF84DF400060203 /* Taiwan Indigenous Languages IME */ = {
			isa = PBXFileSystemSynchronizedRootGroup;
			exceptions = (
				71537A402DF84DFB00060203 /* Exceptions for "Taiwan Indigenous Languages IME" folder in "Taiwan Indigenous Languages IME" target */,
			);
			path = "Taiwan Indigenous Languages IME";
			sourceTree = "<group>";
		};
		71537A312DF84DFB00060203 /* Taiwan Indigenous Languages IMETests */ = {
			isa = PBXFileSystemSynchronizedRootGroup;
			path = "Taiwan Indigenous Languages IMETests";
			sourceTree = "<group>";
		};
		71537A3B2DF84DFB00060203 /* Taiwan Indigenous Languages IMEUITests */ = {
			isa = PBXFileSystemSynchronizedRootGroup;
			path = "Taiwan Indigenous Languages IMEUITests";
			sourceTree = "<group>";
		};
/* End PBXFileSystemSynchronizedRootGroup section */

/* Begin PBXFrameworksBuildPhase section */
		71537A152DF84DF400060203 /* Frameworks */ = {
			isa = PBXFrameworksBuildPhase;
			buildActionMask = 2147483647;
			files = (
			);
			runOnlyForDeploymentPostprocessing = 0;
		};
		71537A2B2DF84DFB00060203 /* Frameworks */ = {
			isa = PBXFrameworksBuildPhase;
			buildActionMask = 2147483647;
			files = (
			);
			runOnlyForDeploymentPostprocessing = 0;
		};
		71537A352DF84DFB00060203 /* Frameworks */ = {
			isa = PBXFrameworksBuildPhase;
			buildActionMask = 2147483647;
			files = (
			);
			runOnlyForDeploymentPostprocessing = 0;
		};
/* End PBXFrameworksBuildPhase section */

/* Begin PBXGroup section */
		71537A0F2DF84DF400060203 = {
			isa = PBXGroup;
			children = (
				71537A1A2DF84DF400060203 /* Taiwan Indigenous Languages IME */,
				71537A312DF84DFB00060203 /* Taiwan Indigenous Languages IMETests */,
				71537A3B2DF84DFB00060203 /* Taiwan Indigenous Languages IMEUITests */,
				71537A192DF84DF400060203 /* Products */,
			);
			sourceTree = "<group>";
		};
		71537A192DF84DF400060203 /* Products */ = {
			isa = PBXGroup;
			children = (
				71537A182DF84DF400060203 /* Taiwan Indigenous Languages IME.app */,
				71537A2E2DF84DFB00060203 /* Taiwan Indigenous Languages IMETests.xctest */,
				71537A382DF84DFB00060203 /* Taiwan Indigenous Languages IMEUITests.xctest */,
			);
			name = Products;
			sourceTree = "<group>";
		};
/* End PBXGroup section */

/* Begin PBXNativeTarget section */
		71537A172DF84DF400060203 /* Taiwan Indigenous Languages IME */ = {
			isa = PBXNativeTarget;
			buildConfigurationList = 71537A412DF84DFB00060203 /* Build configuration list for PBXNativeTarget "Taiwan Indigenous Languages IME" */;
			buildPhases = (
				71537A142DF84DF400060203 /* Sources */,
				71537A152DF84DF400060203 /* Frameworks */,
				71537A162DF84DF400060203 /* Resources */,
			);
			buildRules = (
			);
			dependencies = (
			);
			fileSystemSynchronizedGroups = (
				71537A1A2DF84DF400060203 /* Taiwan Indigenous Languages IME */,
			);
			name = "Taiwan Indigenous Languages IME";
			packageProductDependencies = (
			);
			productName = "Taiwan Indigenous Languages IME";
			productReference = 71537A182DF84DF400060203 /* Taiwan Indigenous Languages IME.app */;
			productType = "com.apple.product-type.application";
		};
		71537A2D2DF84DFB00060203 /* Taiwan Indigenous Languages IMETests */ = {
			isa = PBXNativeTarget;
			buildConfigurationList = 71537A462DF84DFB00060203 /* Build configuration list for PBXNativeTarget "Taiwan Indigenous Languages IMETests" */;
			buildPhases = (
				71537A2A2DF84DFB00060203 /* Sources */,
				71537A2B2DF84DFB00060203 /* Frameworks */,
				71537A2C2DF84DFB00060203 /* Resources */,
			);
			buildRules = (
			);
			dependencies = (
				71537A302DF84DFB00060203 /* PBXTargetDependency */,
			);
			fileSystemSynchronizedGroups = (
				71537A312DF84DFB00060203 /* Taiwan Indigenous Languages IMETests */,
			);
			name = "Taiwan Indigenous Languages IMETests";
			packageProductDependencies = (
			);
			productName = "Taiwan Indigenous Languages IMETests";
			productReference = 71537A2E2DF84DFB00060203 /* Taiwan Indigenous Languages IMETests.xctest */;
			productType = "com.apple.product-type.bundle.unit-test";
		};
		71537A372DF84DFB00060203 /* Taiwan Indigenous Languages IMEUITests */ = {
			isa = PBXNativeTarget;
			buildConfigurationList = 71537A492DF84DFB00060203 /* Build configuration list for PBXNativeTarget "Taiwan Indigenous Languages IMEUITests" */;
			buildPhases = (
				71537A342DF84DFB00060203 /* Sources */,
				71537A352DF84DFB00060203 /* Frameworks */,
				71537A362DF84DFB00060203 /* Resources */,
			);
			buildRules = (
			);
			dependencies = (
				71537A3A2DF84DFB00060203 /* PBXTargetDependency */,
			);
			fileSystemSynchronizedGroups = (
				71537A3B2DF84DFB00060203 /* Taiwan Indigenous Languages IMEUITests */,
			);
			name = "Taiwan Indigenous Languages IMEUITests";
			packageProductDependencies = (
			);
			productName = "Taiwan Indigenous Languages IMEUITests";
			productReference = 71537A382DF84DFB00060203 /* Taiwan Indigenous Languages IMEUITests.xctest */;
			productType = "com.apple.product-type.bundle.ui-testing";
		};
/* End PBXNativeTarget section */

/* Begin PBXProject section */
		71537A102DF84DF400060203 /* Project object */ = {
			isa = PBXProject;
			attributes = {
				BuildIndependentTargetsInParallel = 1;
				LastSwiftUpdateCheck = 1620;
				LastUpgradeCheck = 1620;
				TargetAttributes = {
					71537A172DF84DF400060203 = {
						CreatedOnToolsVersion = 16.2;
					};
					71537A2D2DF84DFB00060203 = {
						CreatedOnToolsVersion = 16.2;
						TestTargetID = 71537A172DF84DF400060203;
					};
					71537A372DF84DFB00060203 = {
						CreatedOnToolsVersion = 16.2;
						TestTargetID = 71537A172DF84DF400060203;
					};
				};
			};
			buildConfigurationList = 71537A132DF84DF400060203 /* Build configuration list for PBXProject "Taiwan Indigenous Languages IME" */;
			developmentRegion = en;
			hasScannedForEncodings = 0;
			knownRegions = (
				en,
				Base,
			);
			mainGroup = 71537A0F2DF84DF400060203;
			minimizedProjectReferenceProxies = 1;
			preferredProjectObjectVersion = 77;
			productRefGroup = 71537A192DF84DF400060203 /* Products */;
			projectDirPath = "";
			projectRoot = "";
			targets = (
				71537A172DF84DF400060203 /* Taiwan Indigenous Languages IME */,
				71537A2D2DF84DFB00060203 /* Taiwan Indigenous Languages IMETests */,
				71537A372DF84DFB00060203 /* Taiwan Indigenous Languages IMEUITests */,
			);
		};
/* End PBXProject section */

/* Begin PBXResourcesBuildPhase section */
		71537A162DF84DF400060203 /* Resources */ = {
			isa = PBXResourcesBuildPhase;
			buildActionMask = 2147483647;
			files = (
			);
			runOnlyForDeploymentPostprocessing = 0;
		};
		71537A2C2DF84DFB00060203 /* Resources */ = {
			isa = PBXResourcesBuildPhase;
			buildActionMask = 2147483647;
			files = (
			);
			runOnlyForDeploymentPostprocessing = 0;
		};
		71537A362DF84DFB00060203 /* Resources */ = {
			isa = PBXResourcesBuildPhase;
			buildActionMask = 2147483647;
			files = (
			);
			runOnlyForDeploymentPostprocessing = 0;
		};
/* End PBXResourcesBuildPhase section */

/* Begin PBXSourcesBuildPhase section */
		71537A142DF84DF400060203 /* Sources */ = {
			isa = PBXSourcesBuildPhase;
			buildActionMask = 2147483647;
			files = (
			);
			runOnlyForDeploymentPostprocessing = 0;
		};
		71537A2A2DF84DFB00060203 /* Sources */ = {
			isa = PBXSourcesBuildPhase;
			buildActionMask = 2147483647;
			files = (
			);
			runOnlyForDeploymentPostprocessing = 0;
		};
		71537A342DF84DFB00060203 /* Sources */ = {
			isa = PBXSourcesBuildPhase;
			buildActionMask = 2147483647;
			files = (
			);
			runOnlyForDeploymentPostprocessing = 0;
		};
/* End PBXSourcesBuildPhase section */

/* Begin PBXTargetDependency section */
		71537A302DF84DFB00060203 /* PBXTargetDependency */ = {
			isa = PBXTargetDependency;
			target = 71537A172DF84DF400060203 /* Taiwan Indigenous Languages IME */;
			targetProxy = 71537A2F2DF84DFB00060203 /* PBXContainerItemProxy */;
		};
		71537A3A2DF84DFB00060203 /* PBXTargetDependency */ = {
			isa = PBXTargetDependency;
			target = 71537A172DF84DF400060203 /* Taiwan Indigenous Languages IME */;
			targetProxy = 71537A392DF84DFB00060203 /* PBXContainerItemProxy */;
		};
/* End PBXTargetDependency section */

/* Begin XCBuildConfiguration section */
		71537A422DF84DFB00060203 /* Debug */ = {
			isa = XCBuildConfiguration;
			buildSettings = {
				ASSETCATALOG_COMPILER_APPICON_NAME = AppIcon;
				ASSETCATALOG_COMPILER_GLOBAL_ACCENT_COLOR_NAME = AccentColor;
				CODE_SIGN_STYLE = Automatic;
				CURRENT_PROJECT_VERSION = 1;
				DEVELOPMENT_TEAM = YY933KJ3GV;
				GENERATE_INFOPLIST_FILE = YES;
				INFOPLIST_FILE = "Taiwan Indigenous Languages IME/Info.plist";
				INFOPLIST_KEY_UIApplicationSupportsIndirectInputEvents = YES;
				INFOPLIST_KEY_UILaunchStoryboardName = LaunchScreen;
				INFOPLIST_KEY_UIMainStoryboardFile = Main;
				INFOPLIST_KEY_UISupportedInterfaceOrientations_iPad = "UIInterfaceOrientationPortrait UIInterfaceOrientationPortraitUpsideDown UIInterfaceOrientationLandscapeLeft UIInterfaceOrientationLandscapeRight";
				INFOPLIST_KEY_UISupportedInterfaceOrientations_iPhone = "UIInterfaceOrientationPortrait UIInterfaceOrientationLandscapeLeft UIInterfaceOrientationLandscapeRight";
				LD_RUNPATH_SEARCH_PATHS = (
					"$(inherited)",
					"@executable_path/Frameworks",
				);
				MARKETING_VERSION = 1.0;
				PRODUCT_BUNDLE_IDENTIFIER = "sususun.com.Taiwan-Indigenous-Languages-IME";
				PRODUCT_NAME = "$(TARGET_NAME)";
				SWIFT_EMIT_LOC_STRINGS = YES;
				SWIFT_VERSION = 5.0;
				TARGETED_DEVICE_FAMILY = "1,2";
			};
			name = Debug;
		};
		71537A432DF84DFB00060203 /* Release */ = {
			isa = XCBuildConfiguration;
			buildSettings = {
				ASSETCATALOG_COMPILER_APPICON_NAME = AppIcon;
				ASSETCATALOG_COMPILER_GLOBAL_ACCENT_COLOR_NAME = AccentColor;
				CODE_SIGN_STYLE = Automatic;
				CURRENT_PROJECT_VERSION = 1;
				DEVELOPMENT_TEAM = YY933KJ3GV;
				GENERATE_INFOPLIST_FILE = YES;
				INFOPLIST_FILE = "Taiwan Indigenous Languages IME/Info.plist";
				INFOPLIST_KEY_UIApplicationSupportsIndirectInputEvents = YES;
				INFOPLIST_KEY_UILaunchStoryboardName = LaunchScreen;
				INFOPLIST_KEY_UIMainStoryboardFile = Main;
				INFOPLIST_KEY_UISupportedInterfaceOrientations_iPad = "UIInterfaceOrientationPortrait UIInterfaceOrientationPortraitUpsideDown UIInterfaceOrientationLandscapeLeft UIInterfaceOrientationLandscapeRight";
				INFOPLIST_KEY_UISupportedInterfaceOrientations_iPhone = "UIInterfaceOrientationPortrait UIInterfaceOrientationLandscapeLeft UIInterfaceOrientationLandscapeRight";
				LD_RUNPATH_SEARCH_PATHS = (
					"$(inherited)",
					"@executable_path/Frameworks",
				);
				MARKETING_VERSION = 1.0;
				PRODUCT_BUNDLE_IDENTIFIER = "sususun.com.Taiwan-Indigenous-Languages-IME";
				PRODUCT_NAME = "$(TARGET_NAME)";
				SWIFT_EMIT_LOC_STRINGS = YES;
				SWIFT_VERSION = 5.0;
				TARGETED_DEVICE_FAMILY = "1,2";
			};
			name = Release;
		};
		71537A442DF84DFB00060203 /* Debug */ = {
			isa = XCBuildConfiguration;
			buildSettings = {
				ALWAYS_SEARCH_USER_PATHS = NO;
				ASSETCATALOG_COMPILER_GENERATE_SWIFT_ASSET_SYMBOL_EXTENSIONS = YES;
				CLANG_ANALYZER_NONNULL = YES;
				CLANG_ANALYZER_NUMBER_OBJECT_CONVERSION = YES_AGGRESSIVE;
				CLANG_CXX_LANGUAGE_STANDARD = "gnu++20";
				CLANG_ENABLE_MODULES = YES;
				CLANG_ENABLE_OBJC_ARC = YES;
				CLANG_ENABLE_OBJC_WEAK = YES;
				CLANG_WARN_BLOCK_CAPTURE_AUTORELEASING = YES;
				CLANG_WARN_BOOL_CONVERSION = YES;
				CLANG_WARN_COMMA = YES;
				CLANG_WARN_CONSTANT_CONVERSION = YES;
				CLANG_WARN_DEPRECATED_OBJC_IMPLEMENTATIONS = YES;
				CLANG_WARN_DIRECT_OBJC_ISA_USAGE = YES_ERROR;
				CLANG_WARN_DOCUMENTATION_COMMENTS = YES;
				CLANG_WARN_EMPTY_BODY = YES;
				CLANG_WARN_ENUM_CONVERSION = YES;
				CLANG_WARN_INFINITE_RECURSION = YES;
				CLANG_WARN_INT_CONVERSION = YES;
				CLANG_WARN_NON_LITERAL_NULL_CONVERSION = YES;
				CLANG_WARN_OBJC_IMPLICIT_RETAIN_SELF = YES;
				CLANG_WARN_OBJC_LITERAL_CONVERSION = YES;
				CLANG_WARN_OBJC_ROOT_CLASS = YES_ERROR;
				CLANG_WARN_QUOTED_INCLUDE_IN_FRAMEWORK_HEADER = YES;
				CLANG_WARN_RANGE_LOOP_ANALYSIS = YES;
				CLANG_WARN_STRICT_PROTOTYPES = YES;
				CLANG_WARN_SUSPICIOUS_MOVE = YES;
				CLANG_WARN_UNGUARDED_AVAILABILITY = YES_AGGRESSIVE;
				CLANG_WARN_UNREACHABLE_CODE = YES;
				CLANG_WARN__DUPLICATE_METHOD_MATCH = YES;
				COPY_PHASE_STRIP = NO;
				DEBUG_INFORMATION_FORMAT = dwarf;
				ENABLE_STRICT_OBJC_MSGSEND = YES;
				ENABLE_TESTABILITY = YES;
				ENABLE_USER_SCRIPT_SANDBOXING = YES;
				GCC_C_LANGUAGE_STANDARD = gnu17;
				GCC_DYNAMIC_NO_PIC = NO;
				GCC_NO_COMMON_BLOCKS = YES;
				GCC_OPTIMIZATION_LEVEL = 0;
				GCC_PREPROCESSOR_DEFINITIONS = (
					"DEBUG=1",
					"$(inherited)",
				);
				GCC_WARN_64_TO_32_BIT_CONVERSION = YES;
				GCC_WARN_ABOUT_RETURN_TYPE = YES_ERROR;
				GCC_WARN_UNDECLARED_SELECTOR = YES;
				GCC_WARN_UNINITIALIZED_AUTOS = YES_AGGRESSIVE;
				GCC_WARN_UNUSED_FUNCTION = YES;
				GCC_WARN_UNUSED_VARIABLE = YES;
				IPHONEOS_DEPLOYMENT_TARGET = 18.2;
				LOCALIZATION_PREFERS_STRING_CATALOGS = YES;
				MTL_ENABLE_DEBUG_INFO = INCLUDE_SOURCE;
				MTL_FAST_MATH = YES;
				ONLY_ACTIVE_ARCH = YES;
				SDKROOT = iphoneos;
				SWIFT_ACTIVE_COMPILATION_CONDITIONS = "DEBUG $(inherited)";
				SWIFT_OPTIMIZATION_LEVEL = "-Onone";
			};
			name = Debug;
		};
		71537A452DF84DFB00060203 /* Release */ = {
			isa = XCBuildConfiguration;
			buildSettings = {
				ALWAYS_SEARCH_USER_PATHS = NO;
				ASSETCATALOG_COMPILER_GENERATE_SWIFT_ASSET_SYMBOL_EXTENSIONS = YES;
				CLANG_ANALYZER_NONNULL = YES;
				CLANG_ANALYZER_NUMBER_OBJECT_CONVERSION = YES_AGGRESSIVE;
				CLANG_CXX_LANGUAGE_STANDARD = "gnu++20";
				CLANG_ENABLE_MODULES = YES;
				CLANG_ENABLE_OBJC_ARC = YES;
				CLANG_ENABLE_OBJC_WEAK = YES;
				CLANG_WARN_BLOCK_CAPTURE_AUTORELEASING = YES;
				CLANG_WARN_BOOL_CONVERSION = YES;
				CLANG_WARN_COMMA = YES;
				CLANG_WARN_CONSTANT_CONVERSION = YES;
				CLANG_WARN_DEPRECATED_OBJC_IMPLEMENTATIONS = YES;
				CLANG_WARN_DIRECT_OBJC_ISA_USAGE = YES_ERROR;
				CLANG_WARN_DOCUMENTATION_COMMENTS = YES;
				CLANG_WARN_EMPTY_BODY = YES;
				CLANG_WARN_ENUM_CONVERSION = YES;
				CLANG_WARN_INFINITE_RECURSION = YES;
				CLANG_WARN_INT_CONVERSION = YES;
				CLANG_WARN_NON_LITERAL_NULL_CONVERSION = YES;
				CLANG_WARN_OBJC_IMPLICIT_RETAIN_SELF = YES;
				CLANG_WARN_OBJC_LITERAL_CONVERSION = YES;
				CLANG_WARN_OBJC_ROOT_CLASS = YES_ERROR;
				CLANG_WARN_QUOTED_INCLUDE_IN_FRAMEWORK_HEADER = YES;
				CLANG_WARN_RANGE_LOOP_ANALYSIS = YES;
				CLANG_WARN_STRICT_PROTOTYPES = YES;
				CLANG_WARN_SUSPICIOUS_MOVE = YES;
				CLANG_WARN_UNGUARDED_AVAILABILITY = YES_AGGRESSIVE;
				CLANG_WARN_UNREACHABLE_CODE = YES;
				CLANG_WARN__DUPLICATE_METHOD_MATCH = YES;
				COPY_PHASE_STRIP = NO;
				DEBUG_INFORMATION_FORMAT = "dwarf-with-dsym";
				ENABLE_NS_ASSERTIONS = NO;
				ENABLE_STRICT_OBJC_MSGSEND = YES;
				ENABLE_USER_SCRIPT_SANDBOXING = YES;
				GCC_C_LANGUAGE_STANDARD = gnu17;
				GCC_NO_COMMON_BLOCKS = YES;
				GCC_WARN_64_TO_32_BIT_CONVERSION = YES;
				GCC_WARN_ABOUT_RETURN_TYPE = YES_ERROR;
				GCC_WARN_UNDECLARED_SELECTOR = YES;
				GCC_WARN_UNINITIALIZED_AUTOS = YES_AGGRESSIVE;
				GCC_WARN_UNUSED_FUNCTION = YES;
				GCC_WARN_UNUSED_VARIABLE = YES;
				IPHONEOS_DEPLOYMENT_TARGET = 18.2;
				LOCALIZATION_PREFERS_STRING_CATALOGS = YES;
				MTL_ENABLE_DEBUG_INFO = NO;
				MTL_FAST_MATH = YES;
				SDKROOT = iphoneos;
				SWIFT_COMPILATION_MODE = wholemodule;
				VALIDATE_PRODUCT = YES;
			};
			name = Release;
		};
		71537A472DF84DFB00060203 /* Debug */ = {
			isa = XCBuildConfiguration;
			buildSettings = {
				BUNDLE_LOADER = "$(TEST_HOST)";
				CODE_SIGN_STYLE = Automatic;
				CURRENT_PROJECT_VERSION = 1;
				DEVELOPMENT_TEAM = YY933KJ3GV;
				GENERATE_INFOPLIST_FILE = YES;
				IPHONEOS_DEPLOYMENT_TARGET = 18.2;
				MARKETING_VERSION = 1.0;
				PRODUCT_BUNDLE_IDENTIFIER = "sususun.com.Taiwan-Indigenous-Languages-IMETests";
				PRODUCT_NAME = "$(TARGET_NAME)";
				SWIFT_EMIT_LOC_STRINGS = NO;
				SWIFT_VERSION = 5.0;
				TARGETED_DEVICE_FAMILY = "1,2";
				TEST_HOST = "$(BUILT_PRODUCTS_DIR)/Taiwan Indigenous Languages IME.app/$(BUNDLE_EXECUTABLE_FOLDER_PATH)/Taiwan Indigenous Languages IME";
			};
			name = Debug;
		};
		71537A482DF84DFB00060203 /* Release */ = {
			isa = XCBuildConfiguration;
			buildSettings = {
				BUNDLE_LOADER = "$(TEST_HOST)";
				CODE_SIGN_STYLE = Automatic;
				CURRENT_PROJECT_VERSION = 1;
				DEVELOPMENT_TEAM = YY933KJ3GV;
				GENERATE_INFOPLIST_FILE = YES;
				IPHONEOS_DEPLOYMENT_TARGET = 18.2;
				MARKETING_VERSION = 1.0;
				PRODUCT_BUNDLE_IDENTIFIER = "sususun.com.Taiwan-Indigenous-Languages-IMETests";
				PRODUCT_NAME = "$(TARGET_NAME)";
				SWIFT_EMIT_LOC_STRINGS = NO;
				SWIFT_VERSION = 5.0;
				TARGETED_DEVICE_FAMILY = "1,2";
				TEST_HOST = "$(BUILT_PRODUCTS_DIR)/Taiwan Indigenous Languages IME.app/$(BUNDLE_EXECUTABLE_FOLDER_PATH)/Taiwan Indigenous Languages IME";
			};
			name = Release;
		};
		71537A4A2DF84DFB00060203 /* Debug */ = {
			isa = XCBuildConfiguration;
			buildSettings = {
				CODE_SIGN_STYLE = Automatic;
				CURRENT_PROJECT_VERSION = 1;
				DEVELOPMENT_TEAM = YY933KJ3GV;
				GENERATE_INFOPLIST_FILE = YES;
				MARKETING_VERSION = 1.0;
				PRODUCT_BUNDLE_IDENTIFIER = "sususun.com.Taiwan-Indigenous-Languages-IMEUITests";
				PRODUCT_NAME = "$(TARGET_NAME)";
				SWIFT_EMIT_LOC_STRINGS = NO;
				SWIFT_VERSION = 5.0;
				TARGETED_DEVICE_FAMILY = "1,2";
				TEST_TARGET_NAME = "Taiwan Indigenous Languages IME";
			};
			name = Debug;
		};
		71537A4B2DF84DFB00060203 /* Release */ = {
			isa = XCBuildConfiguration;
			buildSettings = {
				CODE_SIGN_STYLE = Automatic;
				CURRENT_PROJECT_VERSION = 1;
				DEVELOPMENT_TEAM = YY933KJ3GV;
				GENERATE_INFOPLIST_FILE = YES;
				MARKETING_VERSION = 1.0;
				PRODUCT_BUNDLE_IDENTIFIER = "sususun.com.Taiwan-Indigenous-Languages-IMEUITests";
				PRODUCT_NAME = "$(TARGET_NAME)";
				SWIFT_EMIT_LOC_STRINGS = NO;
				SWIFT_VERSION = 5.0;
				TARGETED_DEVICE_FAMILY = "1,2";
				TEST_TARGET_NAME = "Taiwan Indigenous Languages IME";
			};
			name = Release;
		};
/* End XCBuildConfiguration section */

/* Begin XCConfigurationList section */
		71537A132DF84DF400060203 /* Build configuration list for PBXProject "Taiwan Indigenous Languages IME" */ = {
			isa = XCConfigurationList;
			buildConfigurations = (
				71537A442DF84DFB00060203 /* Debug */,
				71537A452DF84DFB00060203 /* Release */,
			);
			defaultConfigurationIsVisible = 0;
			defaultConfigurationName = Release;
		};
		71537A412DF84DFB00060203 /* Build configuration list for PBXNativeTarget "Taiwan Indigenous Languages IME" */ = {
			isa = XCConfigurationList;
			buildConfigurations = (
				71537A422DF84DFB00060203 /* Debug */,
				71537A432DF84DFB00060203 /* Release */,
			);
			defaultConfigurationIsVisible = 0;
			defaultConfigurationName = Release;
		};
		71537A462DF84DFB00060203 /* Build configuration list for PBXNativeTarget "Taiwan Indigenous Languages IMETests" */ = {
			isa = XCConfigurationList;
			buildConfigurations = (
				71537A472DF84DFB00060203 /* Debug */,
				71537A482DF84DFB00060203 /* Release */,
			);
			defaultConfigurationIsVisible = 0;
			defaultConfigurationName = Release;
		};
		71537A492DF84DFB00060203 /* Build configuration list for PBXNativeTarget "Taiwan Indigenous Languages IMEUITests" */ = {
			isa = XCConfigurationList;
			buildConfigurations = (
				71537A4A2DF84DFB00060203 /* Debug */,
				71537A4B2DF84DFB00060203 /* Release */,
			);
			defaultConfigurationIsVisible = 0;
			defaultConfigurationName = Release;
		};
/* End XCConfigurationList section */
	};
	rootObject = 71537A102DF84DF400060203 /* Project object */;
}
